
Microsoft Visual Studio Solution File, Format Version 12.00
# Visual Studio Version 16
VisualStudioVersion = 16.0.33027.164
MinimumVisualStudioVersion = 10.0.40219.1
Project("{FAE04EC0-301F-11D3-BF4B-00C04F79EFBC}") = "Exercício 03", "Exercício 03\Exercício 03.csproj", "{046D124C-01B3-4F02-AACB-B8E6A4EB99B4}"
EndProject
Global
	GlobalSection(SolutionConfigurationPlatforms) = preSolution
		Debug|Any CPU = Debug|Any CPU
		Release|Any CPU = Release|Any CPU
	EndGlobalSection
	GlobalSection(ProjectConfigurationPlatforms) = postSolution
		{046D124C-01B3-4F02-AACB-B8E6A4EB99B4}.Debug|Any CPU.ActiveCfg = Debug|Any CPU
		{046D124C-01B3-4F02-AACB-B8E6A4EB99B4}.Debug|Any CPU.Build.0 = Debug|Any CPU
		{046D124C-01B3-4F02-AACB-B8E6A4EB99B4}.Release|Any CPU.ActiveCfg = Release|Any CPU
		{046D124C-01B3-4F02-AACB-B8E6A4EB99B4}.Release|Any CPU.Build.0 = Release|Any CPU
	EndGlobalSection
	GlobalSection(SolutionProperties) = preSolution
		HideSolutionNode = FALSE
	EndGlobalSection
	GlobalSection(ExtensibilityGlobals) = postSolution
		SolutionGuid = {81982607-1D09-4B6E-82BD-B60B9CB4A54E}
	EndGlobalSection
EndGlobal
