
Microsoft Visual Studio Solution File, Format Version 12.00
# Visual Studio Version 16
VisualStudioVersion = 16.0.33027.164
MinimumVisualStudioVersion = 10.0.40219.1
Project("{FAE04EC0-301F-11D3-BF4B-00C04F79EFBC}") = "Exercício 01", "Exercício 01\Exercício 01.csproj", "{CE12F947-0551-4AEA-AA74-34A8D0CB4D68}"
EndProject
Global
	GlobalSection(SolutionConfigurationPlatforms) = preSolution
		Debug|Any CPU = Debug|Any CPU
		Release|Any CPU = Release|Any CPU
	EndGlobalSection
	GlobalSection(ProjectConfigurationPlatforms) = postSolution
		{CE12F947-0551-4AEA-AA74-34A8D0CB4D68}.Debug|Any CPU.ActiveCfg = Debug|Any CPU
		{CE12F947-0551-4AEA-AA74-34A8D0CB4D68}.Debug|Any CPU.Build.0 = Debug|Any CPU
		{CE12F947-0551-4AEA-AA74-34A8D0CB4D68}.Release|Any CPU.ActiveCfg = Release|Any CPU
		{CE12F947-0551-4AEA-AA74-34A8D0CB4D68}.Release|Any CPU.Build.0 = Release|Any CPU
	EndGlobalSection
	GlobalSection(SolutionProperties) = preSolution
		HideSolutionNode = FALSE
	EndGlobalSection
	GlobalSection(ExtensibilityGlobals) = postSolution
		SolutionGuid = {DD7A7B8F-50F5-4672-8F67-E3395EAB9661}
	EndGlobalSection
EndGlobal
