
Microsoft Visual Studio Solution File, Format Version 12.00
# Visual Studio Version 16
VisualStudioVersion = 16.0.33027.164
MinimumVisualStudioVersion = 10.0.40219.1
Project("{FAE04EC0-301F-11D3-BF4B-00C04F79EFBC}") = "Exercício 07", "Exercício 07\Exercício 07.csproj", "{605BF9C6-DCB7-48D7-BC63-A8F539777938}"
EndProject
Global
	GlobalSection(SolutionConfigurationPlatforms) = preSolution
		Debug|Any CPU = Debug|Any CPU
		Release|Any CPU = Release|Any CPU
	EndGlobalSection
	GlobalSection(ProjectConfigurationPlatforms) = postSolution
		{605BF9C6-DCB7-48D7-BC63-A8F539777938}.Debug|Any CPU.ActiveCfg = Debug|Any CPU
		{605BF9C6-DCB7-48D7-BC63-A8F539777938}.Debug|Any CPU.Build.0 = Debug|Any CPU
		{605BF9C6-DCB7-48D7-BC63-A8F539777938}.Release|Any CPU.ActiveCfg = Release|Any CPU
		{605BF9C6-DCB7-48D7-BC63-A8F539777938}.Release|Any CPU.Build.0 = Release|Any CPU
	EndGlobalSection
	GlobalSection(SolutionProperties) = preSolution
		HideSolutionNode = FALSE
	EndGlobalSection
	GlobalSection(ExtensibilityGlobals) = postSolution
		SolutionGuid = {E74254A8-BE48-4FB8-B2EF-ABFEDA7BC5D0}
	EndGlobalSection
EndGlobal
