
Microsoft Visual Studio Solution File, Format Version 12.00
# Visual Studio Version 16
VisualStudioVersion = 16.0.33027.164
MinimumVisualStudioVersion = 10.0.40219.1
Project("{FAE04EC0-301F-11D3-BF4B-00C04F79EFBC}") = "Exercício 09", "Exercício 09\Exercício 09.csproj", "{BA94808A-5685-4227-9D5B-1D90C68EA872}"
EndProject
Global
	GlobalSection(SolutionConfigurationPlatforms) = preSolution
		Debug|Any CPU = Debug|Any CPU
		Release|Any CPU = Release|Any CPU
	EndGlobalSection
	GlobalSection(ProjectConfigurationPlatforms) = postSolution
		{BA94808A-5685-4227-9D5B-1D90C68EA872}.Debug|Any CPU.ActiveCfg = Debug|Any CPU
		{BA94808A-5685-4227-9D5B-1D90C68EA872}.Debug|Any CPU.Build.0 = Debug|Any CPU
		{BA94808A-5685-4227-9D5B-1D90C68EA872}.Release|Any CPU.ActiveCfg = Release|Any CPU
		{BA94808A-5685-4227-9D5B-1D90C68EA872}.Release|Any CPU.Build.0 = Release|Any CPU
	EndGlobalSection
	GlobalSection(SolutionProperties) = preSolution
		HideSolutionNode = FALSE
	EndGlobalSection
	GlobalSection(ExtensibilityGlobals) = postSolution
		SolutionGuid = {332EB441-7985-44D9-AF1D-52834B105EA6}
	EndGlobalSection
EndGlobal
